
Microsoft Visual Studio Solution File, Format Version 12.00
# Visual Studio Version 17
VisualStudioVersion = 17.14.36811.4 d17.14
MinimumVisualStudioVersion = 10.0.40219.1
Project("{FAE04EC0-301F-11D3-BF4B-00C04F79EFBC}") = "Strings", "Strings.csproj", "{FE6B93AF-8198-4356-9CA9-D5635DE20F1D}"
EndProject
Global
	GlobalSection(SolutionConfigurationPlatforms) = preSolution
		Debug|Any CPU = Debug|Any CPU
		Release|Any CPU = Release|Any CPU
	EndGlobalSection
	GlobalSection(ProjectConfigurationPlatforms) = postSolution
		{FE6B93AF-8198-4356-9CA9-D5635DE20F1D}.Debug|Any CPU.ActiveCfg = Debug|Any CPU
		{FE6B93AF-8198-4356-9CA9-D5635DE20F1D}.Debug|Any CPU.Build.0 = Debug|Any CPU
		{FE6B93AF-8198-4356-9CA9-D5635DE20F1D}.Release|Any CPU.ActiveCfg = Release|Any CPU
		{FE6B93AF-8198-4356-9CA9-D5635DE20F1D}.Release|Any CPU.Build.0 = Release|Any CPU
	EndGlobalSection
	GlobalSection(SolutionProperties) = preSolution
		HideSolutionNode = FALSE
	EndGlobalSection
	GlobalSection(ExtensibilityGlobals) = postSolution
		SolutionGuid = {5834FD6F-7C68-43CD-BEA3-438439FD6ACC}
	EndGlobalSection
EndGlobal
